<?xml version="1.0" encoding="utf-8"?>
<Project xmlns="http://schemas.microsoft.com/developer/msbuild/2003">
  <ItemGroup>
    <Filter Include="Form Files">
      <UniqueIdentifier>{99349809-55BA-4b9d-BF79-8FDBB0286EB3}</UniqueIdentifier>
      <Extensions>ui</Extensions>
      <ParseFiles>false</ParseFiles>
    </Filter>
    <Filter Include="Form Files">
      <UniqueIdentifier>{99349809-55BA-4b9d-BF79-8FDBB0286EB3}</UniqueIdentifier>
      <Extensions>ui</Extensions>
      <ParseFiles>false</ParseFiles>
    </Filter>
    <Filter Include="Generated Files">
      <UniqueIdentifier>{71ED8ED8-ACB9-4CE9-BBE1-E00B30144E11}</UniqueIdentifier>
      <Extensions>cpp;c;cxx;moc;h;def;odl;idl;res;</Extensions>
    </Filter>
    <Filter Include="Generated Files">
      <UniqueIdentifier>{71ED8ED8-ACB9-4CE9-BBE1-E00B30144E11}</UniqueIdentifier>
      <Extensions>cpp;c;cxx;moc;h;def;odl;idl;res;</Extensions>
    </Filter>
    <Filter Include="Header Files">
      <UniqueIdentifier>{93995380-89BD-4b04-88EB-625FBE52EBFB}</UniqueIdentifier>
      <Extensions>h;hpp;hxx;hm;inl;inc;xsd</Extensions>
    </Filter>
    <Filter Include="Header Files">
      <UniqueIdentifier>{93995380-89BD-4b04-88EB-625FBE52EBFB}</UniqueIdentifier>
      <Extensions>h;hpp;hxx;hm;inl;inc;xsd</Extensions>
    </Filter>
    <Filter Include="Source Files">
      <UniqueIdentifier>{4FC737F1-C7A5-4376-A066-2A32D752A2FF}</UniqueIdentifier>
      <Extensions>cpp;c;cxx;def;odl;idl;hpj;bat;asm;asmx</Extensions>
    </Filter>
    <Filter Include="Source Files">
      <UniqueIdentifier>{4FC737F1-C7A5-4376-A066-2A32D752A2FF}</UniqueIdentifier>
      <Extensions>cpp;c;cxx;def;odl;idl;hpj;bat;asm;asmx</Extensions>
    </Filter>
  </ItemGroup>
  <ItemGroup>
    <ClCompile Include="main.cpp">
      <Filter>Source Files</Filter>
    </ClCompile>
    <ClCompile Include="pb_main_window.cpp">
      <Filter>Source Files</Filter>
    </ClCompile>
    <ClCompile Include="pb_exceptions.cpp">
      <Filter>Source Files</Filter>
    </ClCompile>
    <ClCompile Include="pb_img.cpp">
      <Filter>Source Files</Filter>
    </ClCompile>
    <ClCompile Include="pb_io.cpp">
      <Filter>Source Files</Filter>
    </ClCompile>
    <ClCompile Include="pb_map.cpp">
      <Filter>Source Files</Filter>
    </ClCompile>
    <ClCompile Include="pb_rendering_engine.cpp">
      <Filter>Source Files</Filter>
    </ClCompile>
    <ClCompile Include="pb_controls.cpp">
      <Filter>Source Files</Filter>
    </ClCompile>
    <ClCompile Include="pb_game_logic.cpp">
      <Filter>Source Files</Filter>
    </ClCompile>
    <ClCompile Include="pb_tiles.cpp">
      <Filter>Source Files</Filter>
    </ClCompile>
    <ClCompile Include="pb_path_finding.cpp">
      <Filter>Generated Files</Filter>
    </ClCompile>
  </ItemGroup>
  <ItemGroup>
    <QtMoc Include="pb_main_window.h">
      <Filter>Header Files</Filter>
    </QtMoc>
    <QtMoc Include="pb_rendering_engine.h">
      <Filter>Header Files</Filter>
    </QtMoc>
    <QtMoc Include="pb_controls.h">
      <Filter>Header Files</Filter>
    </QtMoc>
    <QtMoc Include="pb_game_logic.h">
      <Filter>Header Files</Filter>
    </QtMoc>
  </ItemGroup>
  <ItemGroup>
    <CustomBuild Include="debug\moc_predefs.h.cbt">
      <Filter>Generated Files</Filter>
    </CustomBuild>
    <CustomBuild Include="release\moc_predefs.h.cbt">
      <Filter>Generated Files</Filter>
    </CustomBuild>
  </ItemGroup>
  <ItemGroup>
    <QtUic Include="pb_main_window.ui">
      <Filter>Form Files</Filter>
    </QtUic>
  </ItemGroup>
  <ItemGroup>
    <ClInclude Include="pb_exceptions.h">
      <Filter>Header Files</Filter>
    </ClInclude>
    <ClInclude Include="pb_img.h">
      <Filter>Header Files</Filter>
    </ClInclude>
    <ClInclude Include="pb_io.h">
      <Filter>Header Files</Filter>
    </ClInclude>
    <ClInclude Include="pb_map.h">
      <Filter>Header Files</Filter>
    </ClInclude>
    <ClInclude Include="pb_tiles.h">
      <Filter>Header Files</Filter>
    </ClInclude>
    <ClInclude Include="pb_path_finding.h">
      <Filter>Generated Files</Filter>
    </ClInclude>
  </ItemGroup>
</Project>